
Microsoft Visual Studio Solution File, Format Version 12.00
# Visual Studio Version 17
VisualStudioVersion = 17.2.32616.157
MinimumVisualStudioVersion = 10.0.40219.1
Project("{9A19103F-16F7-4668-BE54-9A1E7A4F7556}") = "zcfux.Logging", "zcfux.Logging\zcfux.Logging.csproj", "{61F6F9E3-E6E2-47B4-A025-3C862D1FD4C3}"
EndProject
Project("{9A19103F-16F7-4668-BE54-9A1E7A4F7556}") = "zcfux.Logging.Test", "zcfux.Logging.Test\zcfux.Logging.Test.csproj", "{CB4C2085-EA93-4DE3-8462-132A9D83D349}"
EndProject
Project("{9A19103F-16F7-4668-BE54-9A1E7A4F7556}") = "zcfux.Logging.NLog", "zcfux.Logging.NLog\zcfux.Logging.NLog.csproj", "{4A620376-1DE3-406F-8E3D-8109D2C7DB60}"
EndProject
Project("{9A19103F-16F7-4668-BE54-9A1E7A4F7556}") = "zcfux.DI", "zcfux.DI\zcfux.DI.csproj", "{7E155980-B305-4D90-8C8E-2720F0D02FD6}"
EndProject
Project("{9A19103F-16F7-4668-BE54-9A1E7A4F7556}") = "zcfux.DI.Test", "zcfux.DI.Test\zcfux.DI.Test.csproj", "{43AF93AD-8760-4BE8-95D8-D4B6147936AA}"
EndProject
Project("{9A19103F-16F7-4668-BE54-9A1E7A4F7556}") = "zcfux.SqlMapper", "zcfux.SqlMapper\zcfux.SqlMapper.csproj", "{B5C6AFF7-9930-4A40-98A8-1BDCAFA811F6}"
EndProject
Project("{9A19103F-16F7-4668-BE54-9A1E7A4F7556}") = "zcfux.SqlMapper.Test", "zcfux.SqlMapper.Test\zcfux.SqlMapper.Test.csproj", "{D4CF4D6A-66F4-4B2F-9E51-525953DC52BE}"
EndProject
Project("{9A19103F-16F7-4668-BE54-9A1E7A4F7556}") = "zcfux.Byte", "zcfux.Byte\zcfux.Byte.csproj", "{5C01595D-355A-42CE-8800-C47A33955A57}"
EndProject
Project("{9A19103F-16F7-4668-BE54-9A1E7A4F7556}") = "zcfux.Byte.Test", "zcfux.Byte.Test\zcfux.Byte.Test.csproj", "{CB83C16F-76B6-4711-B48F-98D1B266A33B}"
EndProject
Project("{9A19103F-16F7-4668-BE54-9A1E7A4F7556}") = "zcfux.Security", "zcfux.Security\zcfux.Security.csproj", "{175AAEC5-38C6-401B-A7A7-3D065F29A3F5}"
EndProject
Project("{9A19103F-16F7-4668-BE54-9A1E7A4F7556}") = "zcfux.Security.Test", "zcfux.Security.Test\zcfux.Security.Test.csproj", "{BB8DF27C-FC9F-416D-9C66-D615B2DC264C}"
EndProject
Project("{9A19103F-16F7-4668-BE54-9A1E7A4F7556}") = "zcfux.Session", "zcfux.Session\zcfux.Session.csproj", "{B4BF9A18-A303-490E-85E3-E1B54B4CFA73}"
EndProject
Project("{9A19103F-16F7-4668-BE54-9A1E7A4F7556}") = "zcfux.Session.Test", "zcfux.Session.Test\zcfux.Session.Test.csproj", "{B81C8231-A8D6-44F5-8E6F-23B367920D73}"
EndProject
Project("{9A19103F-16F7-4668-BE54-9A1E7A4F7556}") = "zcfux.JobRunner", "zcfux.JobRunner\zcfux.JobRunner.csproj", "{782D5329-7545-4C7F-9076-6EBA13477E97}"
EndProject
Project("{9A19103F-16F7-4668-BE54-9A1E7A4F7556}") = "zcfux.Data", "zcfux.Data\zcfux.Data.csproj", "{A0C83BA4-D84C-40A8-A542-DB17A287B9A5}"
EndProject
Project("{9A19103F-16F7-4668-BE54-9A1E7A4F7556}") = "zcfux.Data.Postgres", "zcfux.Data.Postgres\zcfux.Data.Postgres.csproj", "{7A01F309-CE7F-4FA1-B961-4A38E116916B}"
EndProject
Project("{9A19103F-16F7-4668-BE54-9A1E7A4F7556}") = "zcfux.Data.Test", "zcfux.Data.Test\zcfux.Data.Test.csproj", "{6345BD5C-5F43-4D21-8354-333E667D2584}"
EndProject
Project("{9A19103F-16F7-4668-BE54-9A1E7A4F7556}") = "zcfux.Filter", "zcfux.Filter\zcfux.Filter.csproj", "{1EEC7893-CFD3-4124-A0B9-727EF4E0FE5A}"
EndProject
Project("{9A19103F-16F7-4668-BE54-9A1E7A4F7556}") = "zcfux.Filter.Test", "zcfux.Filter.Test\zcfux.Filter.Test.csproj", "{71C14B23-5CCA-45BA-8732-F286D75E1498}"
EndProject
Project("{9A19103F-16F7-4668-BE54-9A1E7A4F7556}") = "zcfux.CircularBuffer", "zcfux.CircularBuffer\zcfux.CircularBuffer.csproj", "{4DCEE7B4-287C-48ED-AD93-AA19FF1CD749}"
EndProject
Project("{9A19103F-16F7-4668-BE54-9A1E7A4F7556}") = "zcfux.CircularBuffer.Test", "zcfux.CircularBuffer.Test\zcfux.CircularBuffer.Test.csproj", "{CAA8CD92-6455-4FFE-A3FC-478BE5F49EAF}"
EndProject
Project("{9A19103F-16F7-4668-BE54-9A1E7A4F7556}") = "zcfux.Tracking", "zcfux.Tracking\zcfux.Tracking.csproj", "{6ACE6F43-DE56-4553-B110-859C763670F7}"
EndProject
Project("{9A19103F-16F7-4668-BE54-9A1E7A4F7556}") = "zcfux.Tracking.Test", "zcfux.Tracking.Test\zcfux.Tracking.Test.csproj", "{062859D0-8C88-406E-B6B8-A2E94E84A13D}"
EndProject
Project("{9A19103F-16F7-4668-BE54-9A1E7A4F7556}") = "zcfux.Data.LinqToDB", "zcfux.Data.LinqToDB\zcfux.Data.LinqToDB.csproj", "{7AE22E85-C21B-44C1-9EAE-B09488C200F5}"
EndProject
Project("{9A19103F-16F7-4668-BE54-9A1E7A4F7556}") = "zcfux.Replication", "zcfux.Replication\zcfux.Replication.csproj", "{7955D43B-4780-4955-AF1B-E31C49D3199A}"
EndProject
Project("{9A19103F-16F7-4668-BE54-9A1E7A4F7556}") = "zcfux.Replication.CouchDb", "zcfux.Replication.CouchDb\zcfux.Replication.CouchDb.csproj", "{3D1EA864-6CB9-4509-8AE0-A27596C8EE14}"
EndProject
Project("{9A19103F-16F7-4668-BE54-9A1E7A4F7556}") = "zcfux.Replication.Test", "zcfux.Replication.Test\zcfux.Replication.Test.csproj", "{1A030185-AFA5-4A33-95B6-9171B11B1F6F}"
EndProject
Project("{9A19103F-16F7-4668-BE54-9A1E7A4F7556}") = "zcfux.Pool", "zcfux.Pool\zcfux.Pool.csproj", "{42460827-2E6D-442C-89EA-364F21865407}"
EndProject
Project("{9A19103F-16F7-4668-BE54-9A1E7A4F7556}") = "zcfux.Pool.Test", "zcfux.Pool.Test\zcfux.Pool.Test.csproj", "{D1C1F5E8-8A3B-48CC-82DF-526DCCF476C5}"
EndProject
Project("{9A19103F-16F7-4668-BE54-9A1E7A4F7556}") = "zcfux.Audit", "zcfux.Audit\zcfux.Audit.csproj", "{55B04F02-3226-4FBF-9B6D-440FEEC71C39}"
EndProject
Project("{9A19103F-16F7-4668-BE54-9A1E7A4F7556}") = "zcfux.Audit.LinqToPg", "zcfux.Audit.LinqToPg\zcfux.Audit.LinqToPg.csproj", "{9E88E9AA-7E3F-4683-8529-FD7D8E07B674}"
EndProject
Project("{9A19103F-16F7-4668-BE54-9A1E7A4F7556}") = "zcfux.Audit.Test", "zcfux.Audit.Test\zcfux.Audit.Test.csproj", "{15FC8C66-B739-4461-9E5A-F737AF6C17E4}"
EndProject
Project("{9A19103F-16F7-4668-BE54-9A1E7A4F7556}") = "zcfux.KeyValueStore", "zcfux.KeyValueStore\zcfux.KeyValueStore.csproj", "{F3C4AB06-71DA-4DC9-92C6-94106C24C0EF}"
EndProject
Project("{9A19103F-16F7-4668-BE54-9A1E7A4F7556}") = "zcfux.KeyValueStore.Test", "zcfux.KeyValueStore.Test\zcfux.KeyValueStore.Test.csproj", "{20FDB172-E015-4771-8825-E89FDA3E2D77}"
EndProject
Project("{9A19103F-16F7-4668-BE54-9A1E7A4F7556}") = "zcfux.KeyValueStore.Persistent", "zcfux.KeyValueStore.Persistent\zcfux.KeyValueStore.Persistent.csproj", "{E2AFCF64-278D-4056-8B8A-82FF3151EA2D}"
EndProject
Project("{9A19103F-16F7-4668-BE54-9A1E7A4F7556}") = "zcfux.JobRunner.Test", "zcfux.JobRunner.Test\zcfux.JobRunner.Test.csproj", "{62B3B5B2-D916-4F0E-93D0-B6205DCCF379}"
EndProject
Project("{9A19103F-16F7-4668-BE54-9A1E7A4F7556}") = "zcfux.JobRunner.Data", "zcfux.JobRunner.Data\zcfux.JobRunner.Data.csproj", "{D91CAF3C-7A73-493B-B0AA-226C2BE35658}"
EndProject
Project("{9A19103F-16F7-4668-BE54-9A1E7A4F7556}") = "zcfux.JobRunner.Data.LinqToDB", "zcfux.JobRunner.Data.LinqToDB\zcfux.JobRunner.Data.LinqToDB.csproj", "{E306E534-E507-4D1F-ACF8-00906BA66E97}"
EndProject
Project("{9A19103F-16F7-4668-BE54-9A1E7A4F7556}") = "zcfux.Mail", "zcfux.Mail\zcfux.Mail.csproj", "{74E64217-17F7-4A51-ABC0-9BCE64D532BF}"
EndProject
Project("{9A19103F-16F7-4668-BE54-9A1E7A4F7556}") = "zcfux.Mail.LinqToPg", "zcfux.Mail.LinqToPg\zcfux.Mail.LinqToPg.csproj", "{9441B754-5C80-4DBD-A759-E645A9AF3352}"
EndProject
Project("{9A19103F-16F7-4668-BE54-9A1E7A4F7556}") = "zcfux.PubSub", "zcfux.PubSub\zcfux.PubSub.csproj", "{C8A614F6-DEAC-41FE-9715-59AE43C3660F}"
EndProject
Project("{9A19103F-16F7-4668-BE54-9A1E7A4F7556}") = "zcfux.PubSub.Test", "zcfux.PubSub.Test\zcfux.PubSub.Test.csproj", "{4C4D1C1F-F716-439A-8903-60F1A13D10EF}"
EndProject
Project("{FAE04EC0-301F-11D3-BF4B-00C04F79EFBC}") = "zcfux.Mail.Test", "zcfux.Mail.Test\zcfux.Mail.Test.csproj", "{20F76D07-AB8A-4747-8F1C-956201DF430A}"
EndProject
Global
	GlobalSection(SolutionConfigurationPlatforms) = preSolution
		Debug|Any CPU = Debug|Any CPU
		Release|Any CPU = Release|Any CPU
	EndGlobalSection
	GlobalSection(ProjectConfigurationPlatforms) = postSolution
		{61F6F9E3-E6E2-47B4-A025-3C862D1FD4C3}.Debug|Any CPU.ActiveCfg = Debug|Any CPU
		{61F6F9E3-E6E2-47B4-A025-3C862D1FD4C3}.Debug|Any CPU.Build.0 = Debug|Any CPU
		{61F6F9E3-E6E2-47B4-A025-3C862D1FD4C3}.Release|Any CPU.ActiveCfg = Release|Any CPU
		{61F6F9E3-E6E2-47B4-A025-3C862D1FD4C3}.Release|Any CPU.Build.0 = Release|Any CPU
		{CB4C2085-EA93-4DE3-8462-132A9D83D349}.Debug|Any CPU.ActiveCfg = Debug|Any CPU
		{CB4C2085-EA93-4DE3-8462-132A9D83D349}.Debug|Any CPU.Build.0 = Debug|Any CPU
		{CB4C2085-EA93-4DE3-8462-132A9D83D349}.Release|Any CPU.ActiveCfg = Release|Any CPU
		{CB4C2085-EA93-4DE3-8462-132A9D83D349}.Release|Any CPU.Build.0 = Release|Any CPU
		{4A620376-1DE3-406F-8E3D-8109D2C7DB60}.Debug|Any CPU.ActiveCfg = Debug|Any CPU
		{4A620376-1DE3-406F-8E3D-8109D2C7DB60}.Debug|Any CPU.Build.0 = Debug|Any CPU
		{4A620376-1DE3-406F-8E3D-8109D2C7DB60}.Release|Any CPU.ActiveCfg = Release|Any CPU
		{4A620376-1DE3-406F-8E3D-8109D2C7DB60}.Release|Any CPU.Build.0 = Release|Any CPU
		{7E155980-B305-4D90-8C8E-2720F0D02FD6}.Debug|Any CPU.ActiveCfg = Debug|Any CPU
		{7E155980-B305-4D90-8C8E-2720F0D02FD6}.Debug|Any CPU.Build.0 = Debug|Any CPU
		{7E155980-B305-4D90-8C8E-2720F0D02FD6}.Release|Any CPU.ActiveCfg = Release|Any CPU
		{7E155980-B305-4D90-8C8E-2720F0D02FD6}.Release|Any CPU.Build.0 = Release|Any CPU
		{43AF93AD-8760-4BE8-95D8-D4B6147936AA}.Debug|Any CPU.ActiveCfg = Debug|Any CPU
		{43AF93AD-8760-4BE8-95D8-D4B6147936AA}.Debug|Any CPU.Build.0 = Debug|Any CPU
		{43AF93AD-8760-4BE8-95D8-D4B6147936AA}.Release|Any CPU.ActiveCfg = Release|Any CPU
		{43AF93AD-8760-4BE8-95D8-D4B6147936AA}.Release|Any CPU.Build.0 = Release|Any CPU
		{B5C6AFF7-9930-4A40-98A8-1BDCAFA811F6}.Debug|Any CPU.ActiveCfg = Debug|Any CPU
		{B5C6AFF7-9930-4A40-98A8-1BDCAFA811F6}.Debug|Any CPU.Build.0 = Debug|Any CPU
		{B5C6AFF7-9930-4A40-98A8-1BDCAFA811F6}.Release|Any CPU.ActiveCfg = Release|Any CPU
		{B5C6AFF7-9930-4A40-98A8-1BDCAFA811F6}.Release|Any CPU.Build.0 = Release|Any CPU
		{D4CF4D6A-66F4-4B2F-9E51-525953DC52BE}.Debug|Any CPU.ActiveCfg = Debug|Any CPU
		{D4CF4D6A-66F4-4B2F-9E51-525953DC52BE}.Debug|Any CPU.Build.0 = Debug|Any CPU
		{D4CF4D6A-66F4-4B2F-9E51-525953DC52BE}.Release|Any CPU.ActiveCfg = Release|Any CPU
		{D4CF4D6A-66F4-4B2F-9E51-525953DC52BE}.Release|Any CPU.Build.0 = Release|Any CPU
		{5C01595D-355A-42CE-8800-C47A33955A57}.Debug|Any CPU.ActiveCfg = Debug|Any CPU
		{5C01595D-355A-42CE-8800-C47A33955A57}.Debug|Any CPU.Build.0 = Debug|Any CPU
		{5C01595D-355A-42CE-8800-C47A33955A57}.Release|Any CPU.ActiveCfg = Release|Any CPU
		{5C01595D-355A-42CE-8800-C47A33955A57}.Release|Any CPU.Build.0 = Release|Any CPU
		{CB83C16F-76B6-4711-B48F-98D1B266A33B}.Debug|Any CPU.ActiveCfg = Debug|Any CPU
		{CB83C16F-76B6-4711-B48F-98D1B266A33B}.Debug|Any CPU.Build.0 = Debug|Any CPU
		{CB83C16F-76B6-4711-B48F-98D1B266A33B}.Release|Any CPU.ActiveCfg = Release|Any CPU
		{CB83C16F-76B6-4711-B48F-98D1B266A33B}.Release|Any CPU.Build.0 = Release|Any CPU
		{175AAEC5-38C6-401B-A7A7-3D065F29A3F5}.Debug|Any CPU.ActiveCfg = Debug|Any CPU
		{175AAEC5-38C6-401B-A7A7-3D065F29A3F5}.Debug|Any CPU.Build.0 = Debug|Any CPU
		{175AAEC5-38C6-401B-A7A7-3D065F29A3F5}.Release|Any CPU.ActiveCfg = Release|Any CPU
		{175AAEC5-38C6-401B-A7A7-3D065F29A3F5}.Release|Any CPU.Build.0 = Release|Any CPU
		{BB8DF27C-FC9F-416D-9C66-D615B2DC264C}.Debug|Any CPU.ActiveCfg = Debug|Any CPU
		{BB8DF27C-FC9F-416D-9C66-D615B2DC264C}.Debug|Any CPU.Build.0 = Debug|Any CPU
		{BB8DF27C-FC9F-416D-9C66-D615B2DC264C}.Release|Any CPU.ActiveCfg = Release|Any CPU
		{BB8DF27C-FC9F-416D-9C66-D615B2DC264C}.Release|Any CPU.Build.0 = Release|Any CPU
		{B4BF9A18-A303-490E-85E3-E1B54B4CFA73}.Debug|Any CPU.ActiveCfg = Debug|Any CPU
		{B4BF9A18-A303-490E-85E3-E1B54B4CFA73}.Debug|Any CPU.Build.0 = Debug|Any CPU
		{B4BF9A18-A303-490E-85E3-E1B54B4CFA73}.Release|Any CPU.ActiveCfg = Release|Any CPU
		{B4BF9A18-A303-490E-85E3-E1B54B4CFA73}.Release|Any CPU.Build.0 = Release|Any CPU
		{B81C8231-A8D6-44F5-8E6F-23B367920D73}.Debug|Any CPU.ActiveCfg = Debug|Any CPU
		{B81C8231-A8D6-44F5-8E6F-23B367920D73}.Debug|Any CPU.Build.0 = Debug|Any CPU
		{B81C8231-A8D6-44F5-8E6F-23B367920D73}.Release|Any CPU.ActiveCfg = Release|Any CPU
		{B81C8231-A8D6-44F5-8E6F-23B367920D73}.Release|Any CPU.Build.0 = Release|Any CPU
		{782D5329-7545-4C7F-9076-6EBA13477E97}.Debug|Any CPU.ActiveCfg = Debug|Any CPU
		{782D5329-7545-4C7F-9076-6EBA13477E97}.Debug|Any CPU.Build.0 = Debug|Any CPU
		{782D5329-7545-4C7F-9076-6EBA13477E97}.Release|Any CPU.ActiveCfg = Release|Any CPU
		{782D5329-7545-4C7F-9076-6EBA13477E97}.Release|Any CPU.Build.0 = Release|Any CPU
		{A0C83BA4-D84C-40A8-A542-DB17A287B9A5}.Debug|Any CPU.ActiveCfg = Debug|Any CPU
		{A0C83BA4-D84C-40A8-A542-DB17A287B9A5}.Debug|Any CPU.Build.0 = Debug|Any CPU
		{A0C83BA4-D84C-40A8-A542-DB17A287B9A5}.Release|Any CPU.ActiveCfg = Release|Any CPU
		{A0C83BA4-D84C-40A8-A542-DB17A287B9A5}.Release|Any CPU.Build.0 = Release|Any CPU
		{7A01F309-CE7F-4FA1-B961-4A38E116916B}.Debug|Any CPU.ActiveCfg = Debug|Any CPU
		{7A01F309-CE7F-4FA1-B961-4A38E116916B}.Debug|Any CPU.Build.0 = Debug|Any CPU
		{7A01F309-CE7F-4FA1-B961-4A38E116916B}.Release|Any CPU.ActiveCfg = Release|Any CPU
		{7A01F309-CE7F-4FA1-B961-4A38E116916B}.Release|Any CPU.Build.0 = Release|Any CPU
		{6345BD5C-5F43-4D21-8354-333E667D2584}.Debug|Any CPU.ActiveCfg = Debug|Any CPU
		{6345BD5C-5F43-4D21-8354-333E667D2584}.Debug|Any CPU.Build.0 = Debug|Any CPU
		{6345BD5C-5F43-4D21-8354-333E667D2584}.Release|Any CPU.ActiveCfg = Release|Any CPU
		{6345BD5C-5F43-4D21-8354-333E667D2584}.Release|Any CPU.Build.0 = Release|Any CPU
		{1EEC7893-CFD3-4124-A0B9-727EF4E0FE5A}.Debug|Any CPU.ActiveCfg = Debug|Any CPU
		{1EEC7893-CFD3-4124-A0B9-727EF4E0FE5A}.Debug|Any CPU.Build.0 = Debug|Any CPU
		{1EEC7893-CFD3-4124-A0B9-727EF4E0FE5A}.Release|Any CPU.ActiveCfg = Release|Any CPU
		{1EEC7893-CFD3-4124-A0B9-727EF4E0FE5A}.Release|Any CPU.Build.0 = Release|Any CPU
		{71C14B23-5CCA-45BA-8732-F286D75E1498}.Debug|Any CPU.ActiveCfg = Debug|Any CPU
		{71C14B23-5CCA-45BA-8732-F286D75E1498}.Debug|Any CPU.Build.0 = Debug|Any CPU
		{71C14B23-5CCA-45BA-8732-F286D75E1498}.Release|Any CPU.ActiveCfg = Release|Any CPU
		{71C14B23-5CCA-45BA-8732-F286D75E1498}.Release|Any CPU.Build.0 = Release|Any CPU
		{4DCEE7B4-287C-48ED-AD93-AA19FF1CD749}.Debug|Any CPU.ActiveCfg = Debug|Any CPU
		{4DCEE7B4-287C-48ED-AD93-AA19FF1CD749}.Debug|Any CPU.Build.0 = Debug|Any CPU
		{4DCEE7B4-287C-48ED-AD93-AA19FF1CD749}.Release|Any CPU.ActiveCfg = Release|Any CPU
		{4DCEE7B4-287C-48ED-AD93-AA19FF1CD749}.Release|Any CPU.Build.0 = Release|Any CPU
		{CAA8CD92-6455-4FFE-A3FC-478BE5F49EAF}.Debug|Any CPU.ActiveCfg = Debug|Any CPU
		{CAA8CD92-6455-4FFE-A3FC-478BE5F49EAF}.Debug|Any CPU.Build.0 = Debug|Any CPU
		{CAA8CD92-6455-4FFE-A3FC-478BE5F49EAF}.Release|Any CPU.ActiveCfg = Release|Any CPU
		{CAA8CD92-6455-4FFE-A3FC-478BE5F49EAF}.Release|Any CPU.Build.0 = Release|Any CPU
		{6ACE6F43-DE56-4553-B110-859C763670F7}.Debug|Any CPU.ActiveCfg = Debug|Any CPU
		{6ACE6F43-DE56-4553-B110-859C763670F7}.Debug|Any CPU.Build.0 = Debug|Any CPU
		{6ACE6F43-DE56-4553-B110-859C763670F7}.Release|Any CPU.ActiveCfg = Release|Any CPU
		{6ACE6F43-DE56-4553-B110-859C763670F7}.Release|Any CPU.Build.0 = Release|Any CPU
		{062859D0-8C88-406E-B6B8-A2E94E84A13D}.Debug|Any CPU.ActiveCfg = Debug|Any CPU
		{062859D0-8C88-406E-B6B8-A2E94E84A13D}.Debug|Any CPU.Build.0 = Debug|Any CPU
		{062859D0-8C88-406E-B6B8-A2E94E84A13D}.Release|Any CPU.ActiveCfg = Release|Any CPU
		{062859D0-8C88-406E-B6B8-A2E94E84A13D}.Release|Any CPU.Build.0 = Release|Any CPU
		{7AE22E85-C21B-44C1-9EAE-B09488C200F5}.Debug|Any CPU.ActiveCfg = Debug|Any CPU
		{7AE22E85-C21B-44C1-9EAE-B09488C200F5}.Debug|Any CPU.Build.0 = Debug|Any CPU
		{7AE22E85-C21B-44C1-9EAE-B09488C200F5}.Release|Any CPU.ActiveCfg = Release|Any CPU
		{7AE22E85-C21B-44C1-9EAE-B09488C200F5}.Release|Any CPU.Build.0 = Release|Any CPU
		{7955D43B-4780-4955-AF1B-E31C49D3199A}.Debug|Any CPU.ActiveCfg = Debug|Any CPU
		{7955D43B-4780-4955-AF1B-E31C49D3199A}.Debug|Any CPU.Build.0 = Debug|Any CPU
		{7955D43B-4780-4955-AF1B-E31C49D3199A}.Release|Any CPU.ActiveCfg = Release|Any CPU
		{7955D43B-4780-4955-AF1B-E31C49D3199A}.Release|Any CPU.Build.0 = Release|Any CPU
		{3D1EA864-6CB9-4509-8AE0-A27596C8EE14}.Debug|Any CPU.ActiveCfg = Debug|Any CPU
		{3D1EA864-6CB9-4509-8AE0-A27596C8EE14}.Debug|Any CPU.Build.0 = Debug|Any CPU
		{3D1EA864-6CB9-4509-8AE0-A27596C8EE14}.Release|Any CPU.ActiveCfg = Release|Any CPU
		{3D1EA864-6CB9-4509-8AE0-A27596C8EE14}.Release|Any CPU.Build.0 = Release|Any CPU
		{1A030185-AFA5-4A33-95B6-9171B11B1F6F}.Debug|Any CPU.ActiveCfg = Debug|Any CPU
		{1A030185-AFA5-4A33-95B6-9171B11B1F6F}.Debug|Any CPU.Build.0 = Debug|Any CPU
		{1A030185-AFA5-4A33-95B6-9171B11B1F6F}.Release|Any CPU.ActiveCfg = Release|Any CPU
		{1A030185-AFA5-4A33-95B6-9171B11B1F6F}.Release|Any CPU.Build.0 = Release|Any CPU
		{42460827-2E6D-442C-89EA-364F21865407}.Debug|Any CPU.ActiveCfg = Debug|Any CPU
		{42460827-2E6D-442C-89EA-364F21865407}.Debug|Any CPU.Build.0 = Debug|Any CPU
		{42460827-2E6D-442C-89EA-364F21865407}.Release|Any CPU.ActiveCfg = Release|Any CPU
		{42460827-2E6D-442C-89EA-364F21865407}.Release|Any CPU.Build.0 = Release|Any CPU
		{D1C1F5E8-8A3B-48CC-82DF-526DCCF476C5}.Debug|Any CPU.ActiveCfg = Debug|Any CPU
		{D1C1F5E8-8A3B-48CC-82DF-526DCCF476C5}.Debug|Any CPU.Build.0 = Debug|Any CPU
		{D1C1F5E8-8A3B-48CC-82DF-526DCCF476C5}.Release|Any CPU.ActiveCfg = Release|Any CPU
		{D1C1F5E8-8A3B-48CC-82DF-526DCCF476C5}.Release|Any CPU.Build.0 = Release|Any CPU
		{55B04F02-3226-4FBF-9B6D-440FEEC71C39}.Debug|Any CPU.ActiveCfg = Debug|Any CPU
		{55B04F02-3226-4FBF-9B6D-440FEEC71C39}.Debug|Any CPU.Build.0 = Debug|Any CPU
		{55B04F02-3226-4FBF-9B6D-440FEEC71C39}.Release|Any CPU.ActiveCfg = Release|Any CPU
		{55B04F02-3226-4FBF-9B6D-440FEEC71C39}.Release|Any CPU.Build.0 = Release|Any CPU
		{9E88E9AA-7E3F-4683-8529-FD7D8E07B674}.Debug|Any CPU.ActiveCfg = Debug|Any CPU
		{9E88E9AA-7E3F-4683-8529-FD7D8E07B674}.Debug|Any CPU.Build.0 = Debug|Any CPU
		{9E88E9AA-7E3F-4683-8529-FD7D8E07B674}.Release|Any CPU.ActiveCfg = Release|Any CPU
		{9E88E9AA-7E3F-4683-8529-FD7D8E07B674}.Release|Any CPU.Build.0 = Release|Any CPU
		{15FC8C66-B739-4461-9E5A-F737AF6C17E4}.Debug|Any CPU.ActiveCfg = Debug|Any CPU
		{15FC8C66-B739-4461-9E5A-F737AF6C17E4}.Debug|Any CPU.Build.0 = Debug|Any CPU
		{15FC8C66-B739-4461-9E5A-F737AF6C17E4}.Release|Any CPU.ActiveCfg = Release|Any CPU
		{15FC8C66-B739-4461-9E5A-F737AF6C17E4}.Release|Any CPU.Build.0 = Release|Any CPU
		{F3C4AB06-71DA-4DC9-92C6-94106C24C0EF}.Debug|Any CPU.ActiveCfg = Debug|Any CPU
		{F3C4AB06-71DA-4DC9-92C6-94106C24C0EF}.Debug|Any CPU.Build.0 = Debug|Any CPU
		{F3C4AB06-71DA-4DC9-92C6-94106C24C0EF}.Release|Any CPU.ActiveCfg = Release|Any CPU
		{F3C4AB06-71DA-4DC9-92C6-94106C24C0EF}.Release|Any CPU.Build.0 = Release|Any CPU
		{20FDB172-E015-4771-8825-E89FDA3E2D77}.Debug|Any CPU.ActiveCfg = Debug|Any CPU
		{20FDB172-E015-4771-8825-E89FDA3E2D77}.Debug|Any CPU.Build.0 = Debug|Any CPU
		{20FDB172-E015-4771-8825-E89FDA3E2D77}.Release|Any CPU.ActiveCfg = Release|Any CPU
		{20FDB172-E015-4771-8825-E89FDA3E2D77}.Release|Any CPU.Build.0 = Release|Any CPU
		{E2AFCF64-278D-4056-8B8A-82FF3151EA2D}.Debug|Any CPU.ActiveCfg = Debug|Any CPU
		{E2AFCF64-278D-4056-8B8A-82FF3151EA2D}.Debug|Any CPU.Build.0 = Debug|Any CPU
		{E2AFCF64-278D-4056-8B8A-82FF3151EA2D}.Release|Any CPU.ActiveCfg = Release|Any CPU
		{E2AFCF64-278D-4056-8B8A-82FF3151EA2D}.Release|Any CPU.Build.0 = Release|Any CPU
		{62B3B5B2-D916-4F0E-93D0-B6205DCCF379}.Debug|Any CPU.ActiveCfg = Debug|Any CPU
		{62B3B5B2-D916-4F0E-93D0-B6205DCCF379}.Debug|Any CPU.Build.0 = Debug|Any CPU
		{62B3B5B2-D916-4F0E-93D0-B6205DCCF379}.Release|Any CPU.ActiveCfg = Release|Any CPU
		{62B3B5B2-D916-4F0E-93D0-B6205DCCF379}.Release|Any CPU.Build.0 = Release|Any CPU
		{D91CAF3C-7A73-493B-B0AA-226C2BE35658}.Debug|Any CPU.ActiveCfg = Debug|Any CPU
		{D91CAF3C-7A73-493B-B0AA-226C2BE35658}.Debug|Any CPU.Build.0 = Debug|Any CPU
		{D91CAF3C-7A73-493B-B0AA-226C2BE35658}.Release|Any CPU.ActiveCfg = Release|Any CPU
		{D91CAF3C-7A73-493B-B0AA-226C2BE35658}.Release|Any CPU.Build.0 = Release|Any CPU
		{E306E534-E507-4D1F-ACF8-00906BA66E97}.Debug|Any CPU.ActiveCfg = Debug|Any CPU
		{E306E534-E507-4D1F-ACF8-00906BA66E97}.Debug|Any CPU.Build.0 = Debug|Any CPU
		{E306E534-E507-4D1F-ACF8-00906BA66E97}.Release|Any CPU.ActiveCfg = Release|Any CPU
		{E306E534-E507-4D1F-ACF8-00906BA66E97}.Release|Any CPU.Build.0 = Release|Any CPU
		{74E64217-17F7-4A51-ABC0-9BCE64D532BF}.Debug|Any CPU.ActiveCfg = Debug|Any CPU
		{74E64217-17F7-4A51-ABC0-9BCE64D532BF}.Debug|Any CPU.Build.0 = Debug|Any CPU
		{74E64217-17F7-4A51-ABC0-9BCE64D532BF}.Release|Any CPU.ActiveCfg = Release|Any CPU
		{74E64217-17F7-4A51-ABC0-9BCE64D532BF}.Release|Any CPU.Build.0 = Release|Any CPU
		{9441B754-5C80-4DBD-A759-E645A9AF3352}.Debug|Any CPU.ActiveCfg = Debug|Any CPU
		{9441B754-5C80-4DBD-A759-E645A9AF3352}.Debug|Any CPU.Build.0 = Debug|Any CPU
		{9441B754-5C80-4DBD-A759-E645A9AF3352}.Release|Any CPU.ActiveCfg = Release|Any CPU
		{9441B754-5C80-4DBD-A759-E645A9AF3352}.Release|Any CPU.Build.0 = Release|Any CPU
		{C8A614F6-DEAC-41FE-9715-59AE43C3660F}.Debug|Any CPU.ActiveCfg = Debug|Any CPU
		{C8A614F6-DEAC-41FE-9715-59AE43C3660F}.Debug|Any CPU.Build.0 = Debug|Any CPU
		{C8A614F6-DEAC-41FE-9715-59AE43C3660F}.Release|Any CPU.ActiveCfg = Release|Any CPU
		{C8A614F6-DEAC-41FE-9715-59AE43C3660F}.Release|Any CPU.Build.0 = Release|Any CPU
		{4C4D1C1F-F716-439A-8903-60F1A13D10EF}.Debug|Any CPU.ActiveCfg = Debug|Any CPU
		{4C4D1C1F-F716-439A-8903-60F1A13D10EF}.Debug|Any CPU.Build.0 = Debug|Any CPU
		{4C4D1C1F-F716-439A-8903-60F1A13D10EF}.Release|Any CPU.ActiveCfg = Release|Any CPU
		{4C4D1C1F-F716-439A-8903-60F1A13D10EF}.Release|Any CPU.Build.0 = Release|Any CPU
		{20F76D07-AB8A-4747-8F1C-956201DF430A}.Debug|Any CPU.ActiveCfg = Debug|Any CPU
		{20F76D07-AB8A-4747-8F1C-956201DF430A}.Debug|Any CPU.Build.0 = Debug|Any CPU
		{20F76D07-AB8A-4747-8F1C-956201DF430A}.Release|Any CPU.ActiveCfg = Release|Any CPU
		{20F76D07-AB8A-4747-8F1C-956201DF430A}.Release|Any CPU.Build.0 = Release|Any CPU
	EndGlobalSection
	GlobalSection(SolutionProperties) = preSolution
		HideSolutionNode = FALSE
	EndGlobalSection
	GlobalSection(ExtensibilityGlobals) = postSolution
		SolutionGuid = {E54D0CB4-F0DB-4037-9B76-06C6912C011E}
	EndGlobalSection
EndGlobal
